
Microsoft Visual Studio Solution File, Format Version 12.00
# Visual Studio Version 16
VisualStudioVersion = 16.0.31321.278
MinimumVisualStudioVersion = 10.0.40219.1
Project("{FAE04EC0-301F-11D3-BF4B-00C04F79EFBC}") = "Lab3Backend", "Lab3Backend\Lab3Backend.csproj", "{D20A9F46-80DD-444F-971A-9CC806960D54}"
EndProject
Global
	GlobalSection(SolutionConfigurationPlatforms) = preSolution
		Debug|Any CPU = Debug|Any CPU
		Release|Any CPU = Release|Any CPU
	EndGlobalSection
	GlobalSection(ProjectConfigurationPlatforms) = postSolution
		{D20A9F46-80DD-444F-971A-9CC806960D54}.Debug|Any CPU.ActiveCfg = Debug|Any CPU
		{D20A9F46-80DD-444F-971A-9CC806960D54}.Debug|Any CPU.Build.0 = Debug|Any CPU
		{D20A9F46-80DD-444F-971A-9CC806960D54}.Release|Any CPU.ActiveCfg = Release|Any CPU
		{D20A9F46-80DD-444F-971A-9CC806960D54}.Release|Any CPU.Build.0 = Release|Any CPU
	EndGlobalSection
	GlobalSection(SolutionProperties) = preSolution
		HideSolutionNode = FALSE
	EndGlobalSection
	GlobalSection(ExtensibilityGlobals) = postSolution
		SolutionGuid = {0ACB7FD9-04A4-4919-AD72-B3E62DD7DA64}
	EndGlobalSection
EndGlobal
